
Microsoft Visual Studio Solution File, Format Version 12.00
# Visual Studio Version 17
VisualStudioVersion = 17.13.35931.197 d17.13
MinimumVisualStudioVersion = 10.0.40219.1
Project("{FAE04EC0-301F-11D3-BF4B-00C04F79EFBC}") = "edu_comp", "edu_comp\edu_comp.csproj", "{804C34FF-A881-4C4A-9AF2-DE9D198AE6F8}"
EndProject
Global
	GlobalSection(SolutionConfigurationPlatforms) = preSolution
		Debug|Any CPU = Debug|Any CPU
		Release|Any CPU = Release|Any CPU
	EndGlobalSection
	GlobalSection(ProjectConfigurationPlatforms) = postSolution
		{804C34FF-A881-4C4A-9AF2-DE9D198AE6F8}.Debug|Any CPU.ActiveCfg = Debug|Any CPU
		{804C34FF-A881-4C4A-9AF2-DE9D198AE6F8}.Debug|Any CPU.Build.0 = Debug|Any CPU
		{804C34FF-A881-4C4A-9AF2-DE9D198AE6F8}.Debug|Any CPU.Deploy.0 = Debug|Any CPU
		{804C34FF-A881-4C4A-9AF2-DE9D198AE6F8}.Release|Any CPU.ActiveCfg = Release|Any CPU
		{804C34FF-A881-4C4A-9AF2-DE9D198AE6F8}.Release|Any CPU.Build.0 = Release|Any CPU
		{804C34FF-A881-4C4A-9AF2-DE9D198AE6F8}.Release|Any CPU.Deploy.0 = Release|Any CPU
	EndGlobalSection
	GlobalSection(SolutionProperties) = preSolution
		HideSolutionNode = FALSE
	EndGlobalSection
	GlobalSection(ExtensibilityGlobals) = postSolution
		SolutionGuid = {A0F68345-DF16-4485-A6E1-BCB655F8303A}
	EndGlobalSection
EndGlobal
